
Microsoft Visual Studio Solution File, Format Version 12.00
# Visual Studio Version 16
VisualStudioVersion = 16.0.30413.136
MinimumVisualStudioVersion = 10.0.40219.1
Project("{FAE04EC0-301F-11D3-BF4B-00C04F79EFBC}") = "MovieAPI", "MovieAPI\MovieAPI.csproj", "{7AFEDF47-52E9-49DE-892E-5AAE2EEEC4DE}"
EndProject
Project("{FAE04EC0-301F-11D3-BF4B-00C04F79EFBC}") = "MovieApi.Services", "MovieApi.Services\MovieApi.Services.csproj", "{E752A615-D395-483B-9E5A-67A97C17C48E}"
EndProject
Project("{FAE04EC0-301F-11D3-BF4B-00C04F79EFBC}") = "MovieApi.Omdb.Client", "MovieApi.Omdb.Client\MovieApi.Omdb.Client.csproj", "{3CED531C-6CCC-4C0A-B1DB-63663A380CD1}"
EndProject
Global
	GlobalSection(SolutionConfigurationPlatforms) = preSolution
		Debug|Any CPU = Debug|Any CPU
		Release|Any CPU = Release|Any CPU
	EndGlobalSection
	GlobalSection(ProjectConfigurationPlatforms) = postSolution
		{7AFEDF47-52E9-49DE-892E-5AAE2EEEC4DE}.Debug|Any CPU.ActiveCfg = Debug|Any CPU
		{7AFEDF47-52E9-49DE-892E-5AAE2EEEC4DE}.Debug|Any CPU.Build.0 = Debug|Any CPU
		{7AFEDF47-52E9-49DE-892E-5AAE2EEEC4DE}.Release|Any CPU.ActiveCfg = Release|Any CPU
		{7AFEDF47-52E9-49DE-892E-5AAE2EEEC4DE}.Release|Any CPU.Build.0 = Release|Any CPU
		{E752A615-D395-483B-9E5A-67A97C17C48E}.Debug|Any CPU.ActiveCfg = Debug|Any CPU
		{E752A615-D395-483B-9E5A-67A97C17C48E}.Debug|Any CPU.Build.0 = Debug|Any CPU
		{E752A615-D395-483B-9E5A-67A97C17C48E}.Release|Any CPU.ActiveCfg = Release|Any CPU
		{E752A615-D395-483B-9E5A-67A97C17C48E}.Release|Any CPU.Build.0 = Release|Any CPU
		{3CED531C-6CCC-4C0A-B1DB-63663A380CD1}.Debug|Any CPU.ActiveCfg = Debug|Any CPU
		{3CED531C-6CCC-4C0A-B1DB-63663A380CD1}.Debug|Any CPU.Build.0 = Debug|Any CPU
		{3CED531C-6CCC-4C0A-B1DB-63663A380CD1}.Release|Any CPU.ActiveCfg = Release|Any CPU
		{3CED531C-6CCC-4C0A-B1DB-63663A380CD1}.Release|Any CPU.Build.0 = Release|Any CPU
	EndGlobalSection
	GlobalSection(SolutionProperties) = preSolution
		HideSolutionNode = FALSE
	EndGlobalSection
	GlobalSection(ExtensibilityGlobals) = postSolution
		SolutionGuid = {CFD001E5-DEC0-47B6-A7B9-C98CDB3328FA}
	EndGlobalSection
EndGlobal
