
Microsoft Visual Studio Solution File, Format Version 12.00
# Visual Studio Version 16
VisualStudioVersion = 16.0.30413.136
MinimumVisualStudioVersion = 10.0.40219.1
Project("{FAE04EC0-301F-11D3-BF4B-00C04F79EFBC}") = "MovieAPI", "MovieAPI\MovieAPI.csproj", "{7AFEDF47-52E9-49DE-892E-5AAE2EEEC4DE}"
EndProject
Global
	GlobalSection(SolutionConfigurationPlatforms) = preSolution
		Debug|Any CPU = Debug|Any CPU
		Release|Any CPU = Release|Any CPU
	EndGlobalSection
	GlobalSection(ProjectConfigurationPlatforms) = postSolution
		{7AFEDF47-52E9-49DE-892E-5AAE2EEEC4DE}.Debug|Any CPU.ActiveCfg = Debug|Any CPU
		{7AFEDF47-52E9-49DE-892E-5AAE2EEEC4DE}.Debug|Any CPU.Build.0 = Debug|Any CPU
		{7AFEDF47-52E9-49DE-892E-5AAE2EEEC4DE}.Release|Any CPU.ActiveCfg = Release|Any CPU
		{7AFEDF47-52E9-49DE-892E-5AAE2EEEC4DE}.Release|Any CPU.Build.0 = Release|Any CPU
	EndGlobalSection
	GlobalSection(SolutionProperties) = preSolution
		HideSolutionNode = FALSE
	EndGlobalSection
	GlobalSection(ExtensibilityGlobals) = postSolution
		SolutionGuid = {CFD001E5-DEC0-47B6-A7B9-C98CDB3328FA}
	EndGlobalSection
EndGlobal
